
Microsoft Visual Studio Solution File, Format Version 12.00
# Visual Studio 15
VisualStudioVersion = 15.0.28010.2036
MinimumVisualStudioVersion = 10.0.40219.1
Project("{FAE04EC0-301F-11D3-BF4B-00C04F79EFBC}") = "AkkaNetDemo", "AkkaNetDemo\AkkaNetDemo.csproj", "{4C6A494C-BBFD-44D6-A2E6-536666FC643D}"
EndProject
Global
	GlobalSection(SolutionConfigurationPlatforms) = preSolution
		Debug|Any CPU = Debug|Any CPU
		Release|Any CPU = Release|Any CPU
	EndGlobalSection
	GlobalSection(ProjectConfigurationPlatforms) = postSolution
		{4C6A494C-BBFD-44D6-A2E6-536666FC643D}.Debug|Any CPU.ActiveCfg = Debug|Any CPU
		{4C6A494C-BBFD-44D6-A2E6-536666FC643D}.Debug|Any CPU.Build.0 = Debug|Any CPU
		{4C6A494C-BBFD-44D6-A2E6-536666FC643D}.Release|Any CPU.ActiveCfg = Release|Any CPU
		{4C6A494C-BBFD-44D6-A2E6-536666FC643D}.Release|Any CPU.Build.0 = Release|Any CPU
	EndGlobalSection
	GlobalSection(SolutionProperties) = preSolution
		HideSolutionNode = FALSE
	EndGlobalSection
	GlobalSection(ExtensibilityGlobals) = postSolution
		SolutionGuid = {2B7BAA71-6EDA-4A14-BC1D-4E46D0AF7A81}
	EndGlobalSection
EndGlobal
